
Microsoft Visual Studio Solution File, Format Version 12.00
# Visual Studio Version 17
VisualStudioVersion = 17.8.34511.84
MinimumVisualStudioVersion = 10.0.40219.1
Project("{9A19103F-16F7-4668-BE54-9A1E7A4F7556}") = "LearningMVVM", "LearningMVVM.csproj", "{1ADFE369-7FB4-4E1D-B4F5-1B52FAF0C00F}"
EndProject
Global
	GlobalSection(SolutionConfigurationPlatforms) = preSolution
		Debug|Any CPU = Debug|Any CPU
		Release|Any CPU = Release|Any CPU
	EndGlobalSection
	GlobalSection(ProjectConfigurationPlatforms) = postSolution
		{1ADFE369-7FB4-4E1D-B4F5-1B52FAF0C00F}.Debug|Any CPU.ActiveCfg = Debug|Any CPU
		{1ADFE369-7FB4-4E1D-B4F5-1B52FAF0C00F}.Debug|Any CPU.Build.0 = Debug|Any CPU
		{1ADFE369-7FB4-4E1D-B4F5-1B52FAF0C00F}.Release|Any CPU.ActiveCfg = Release|Any CPU
		{1ADFE369-7FB4-4E1D-B4F5-1B52FAF0C00F}.Release|Any CPU.Build.0 = Release|Any CPU
	EndGlobalSection
	GlobalSection(SolutionProperties) = preSolution
		HideSolutionNode = FALSE
	EndGlobalSection
	GlobalSection(ExtensibilityGlobals) = postSolution
		SolutionGuid = {CFF97A11-4939-4353-ADCC-EB2A71B040F1}
	EndGlobalSection
EndGlobal
